
Microsoft Visual Studio Solution File, Format Version 12.00
# Visual Studio Version 16
VisualStudioVersion = 16.0.29123.88
MinimumVisualStudioVersion = 10.0.40219.1
Project("{FAE04EC0-301F-11D3-BF4B-00C04F79EFBC}") = "Account", "Account\Account.csproj", "{4CC85486-CAF2-4A88-BA3B-4AD8FCF10711}"
EndProject
Project("{FAE04EC0-301F-11D3-BF4B-00C04F79EFBC}") = "Account.Test", "AccountTest\Account.Test.csproj", "{7B2ACEC6-0352-41E4-9583-2865DB356D7A}"
EndProject
Global
	GlobalSection(SolutionConfigurationPlatforms) = preSolution
		Debug|Any CPU = Debug|Any CPU
		Release|Any CPU = Release|Any CPU
	EndGlobalSection
	GlobalSection(ProjectConfigurationPlatforms) = postSolution
		{4CC85486-CAF2-4A88-BA3B-4AD8FCF10711}.Debug|Any CPU.ActiveCfg = Debug|Any CPU
		{4CC85486-CAF2-4A88-BA3B-4AD8FCF10711}.Debug|Any CPU.Build.0 = Debug|Any CPU
		{4CC85486-CAF2-4A88-BA3B-4AD8FCF10711}.Release|Any CPU.ActiveCfg = Release|Any CPU
		{4CC85486-CAF2-4A88-BA3B-4AD8FCF10711}.Release|Any CPU.Build.0 = Release|Any CPU
		{7B2ACEC6-0352-41E4-9583-2865DB356D7A}.Debug|Any CPU.ActiveCfg = Debug|Any CPU
		{7B2ACEC6-0352-41E4-9583-2865DB356D7A}.Debug|Any CPU.Build.0 = Debug|Any CPU
		{7B2ACEC6-0352-41E4-9583-2865DB356D7A}.Release|Any CPU.ActiveCfg = Release|Any CPU
		{7B2ACEC6-0352-41E4-9583-2865DB356D7A}.Release|Any CPU.Build.0 = Release|Any CPU
	EndGlobalSection
	GlobalSection(SolutionProperties) = preSolution
		HideSolutionNode = FALSE
	EndGlobalSection
	GlobalSection(ExtensibilityGlobals) = postSolution
		SolutionGuid = {FB1308FB-F3FB-45A4-A34D-583FEA028F98}
	EndGlobalSection
EndGlobal
